// !$*UTF8*$!
{
	archiveVersion = 1;
	classes = {
	};
	objectVersion = 50;
	objects = {

/* Begin PBXBuildFile section */
		4C28043BF77237401DCCFAF4 /* Pods_mobileTMDB.framework in Frameworks */ = {isa = PBXBuildFile; fileRef = 629DDF82052F1E9256E628AA /* Pods_mobileTMDB.framework */; };
		627040A121A7328E003CAE0A /* AppDelegate.swift in Sources */ = {isa = PBXBuildFile; fileRef = 627040A021A7328E003CAE0A /* AppDelegate.swift */; };
		627040A321A7328E003CAE0A /* ViewController.swift in Sources */ = {isa = PBXBuildFile; fileRef = 627040A221A7328E003CAE0A /* ViewController.swift */; };
		627040A621A7328E003CAE0A /* Main.storyboard in Resources */ = {isa = PBXBuildFile; fileRef = 627040A421A7328E003CAE0A /* Main.storyboard */; };
		627040A821A7329D003CAE0A /* Assets.xcassets in Resources */ = {isa = PBXBuildFile; fileRef = 627040A721A7329D003CAE0A /* Assets.xcassets */; };
		627040AB21A7329D003CAE0A /* LaunchScreen.storyboard in Resources */ = {isa = PBXBuildFile; fileRef = 627040A921A7329D003CAE0A /* LaunchScreen.storyboard */; };
		627040BC21A9A52B003CAE0A /* PopularFilmsTable.swift in Sources */ = {isa = PBXBuildFile; fileRef = 627040BB21A9A52B003CAE0A /* PopularFilmsTable.swift */; };
		627040BE21A9A59D003CAE0A /* FavFilmsTable.swift in Sources */ = {isa = PBXBuildFile; fileRef = 627040BD21A9A59D003CAE0A /* FavFilmsTable.swift */; };
		627040C021A9A61F003CAE0A /* PopularFilmCell.swift in Sources */ = {isa = PBXBuildFile; fileRef = 627040BF21A9A61F003CAE0A /* PopularFilmCell.swift */; };
		627040C221A9A655003CAE0A /* FavFilmCell.swift in Sources */ = {isa = PBXBuildFile; fileRef = 627040C121A9A655003CAE0A /* FavFilmCell.swift */; };
		627040C521A9A94D003CAE0A /* RequestService.swift in Sources */ = {isa = PBXBuildFile; fileRef = 627040C421A9A94D003CAE0A /* RequestService.swift */; };
		627040C821A9B6D7003CAE0A /* Film.swift in Sources */ = {isa = PBXBuildFile; fileRef = 627040C721A9B6D7003CAE0A /* Film.swift */; };
		627040CB21A9DEB1003CAE0A /* FilmDetailsVC.swift in Sources */ = {isa = PBXBuildFile; fileRef = 627040CA21A9DEB1003CAE0A /* FilmDetailsVC.swift */; };
/* End PBXBuildFile section */

/* Begin PBXFileReference section */
		6270409D21A7328E003CAE0A /* mobileTMDB.app */ = {isa = PBXFileReference; explicitFileType = wrapper.application; includeInIndex = 0; path = mobileTMDB.app; sourceTree = BUILT_PRODUCTS_DIR; };
		627040A021A7328E003CAE0A /* AppDelegate.swift */ = {isa = PBXFileReference; lastKnownFileType = sourcecode.swift; path = AppDelegate.swift; sourceTree = "<group>"; };
		627040A221A7328E003CAE0A /* ViewController.swift */ = {isa = PBXFileReference; lastKnownFileType = sourcecode.swift; path = ViewController.swift; sourceTree = "<group>"; };
		627040A521A7328E003CAE0A /* Base */ = {isa = PBXFileReference; lastKnownFileType = file.storyboard; name = Base; path = Base.lproj/Main.storyboard; sourceTree = "<group>"; };
		627040A721A7329D003CAE0A /* Assets.xcassets */ = {isa = PBXFileReference; lastKnownFileType = folder.assetcatalog; path = Assets.xcassets; sourceTree = "<group>"; };
		627040AA21A7329D003CAE0A /* Base */ = {isa = PBXFileReference; lastKnownFileType = file.storyboard; name = Base; path = Base.lproj/LaunchScreen.storyboard; sourceTree = "<group>"; };
		627040AC21A7329D003CAE0A /* Info.plist */ = {isa = PBXFileReference; lastKnownFileType = text.plist.xml; path = Info.plist; sourceTree = "<group>"; };
		627040BB21A9A52B003CAE0A /* PopularFilmsTable.swift */ = {isa = PBXFileReference; lastKnownFileType = sourcecode.swift; path = PopularFilmsTable.swift; sourceTree = "<group>"; };
		627040BD21A9A59D003CAE0A /* FavFilmsTable.swift */ = {isa = PBXFileReference; lastKnownFileType = sourcecode.swift; path = FavFilmsTable.swift; sourceTree = "<group>"; };
		627040BF21A9A61F003CAE0A /* PopularFilmCell.swift */ = {isa = PBXFileReference; lastKnownFileType = sourcecode.swift; path = PopularFilmCell.swift; sourceTree = "<group>"; };
		627040C121A9A655003CAE0A /* FavFilmCell.swift */ = {isa = PBXFileReference; lastKnownFileType = sourcecode.swift; path = FavFilmCell.swift; sourceTree = "<group>"; };
		627040C421A9A94D003CAE0A /* RequestService.swift */ = {isa = PBXFileReference; lastKnownFileType = sourcecode.swift; path = RequestService.swift; sourceTree = "<group>"; };
		627040C721A9B6D7003CAE0A /* Film.swift */ = {isa = PBXFileReference; lastKnownFileType = sourcecode.swift; path = Film.swift; sourceTree = "<group>"; };
		627040CA21A9DEB1003CAE0A /* FilmDetailsVC.swift */ = {isa = PBXFileReference; lastKnownFileType = sourcecode.swift; path = FilmDetailsVC.swift; sourceTree = "<group>"; };
		629DDF82052F1E9256E628AA /* Pods_mobileTMDB.framework */ = {isa = PBXFileReference; explicitFileType = wrapper.framework; includeInIndex = 0; path = Pods_mobileTMDB.framework; sourceTree = BUILT_PRODUCTS_DIR; };
		D960539DF521B6D50097C405 /* Pods-mobileTMDB.release.xcconfig */ = {isa = PBXFileReference; includeInIndex = 1; lastKnownFileType = text.xcconfig; name = "Pods-mobileTMDB.release.xcconfig"; path = "Pods/Target Support Files/Pods-mobileTMDB/Pods-mobileTMDB.release.xcconfig"; sourceTree = "<group>"; };
		EF62B547B6AFDDB472C95761 /* Pods-mobileTMDB.debug.xcconfig */ = {isa = PBXFileReference; includeInIndex = 1; lastKnownFileType = text.xcconfig; name = "Pods-mobileTMDB.debug.xcconfig"; path = "Pods/Target Support Files/Pods-mobileTMDB/Pods-mobileTMDB.debug.xcconfig"; sourceTree = "<group>"; };
/* End PBXFileReference section */

/* Begin PBXFrameworksBuildPhase section */
		6270409A21A7328E003CAE0A /* Frameworks */ = {
			isa = PBXFrameworksBuildPhase;
			buildActionMask = 2147483647;
			files = (
				4C28043BF77237401DCCFAF4 /* Pods_mobileTMDB.framework in Frameworks */,
			);
			runOnlyForDeploymentPostprocessing = 0;
		};
/* End PBXFrameworksBuildPhase section */

/* Begin PBXGroup section */
		6270409421A7328D003CAE0A = {
			isa = PBXGroup;
			children = (
				6270409F21A7328E003CAE0A /* mobileTMDB */,
				6270409E21A7328E003CAE0A /* Products */,
				BA3B37B1EFAC9C4C28EE0580 /* Pods */,
				82A785E9D9F8073CB420D8C3 /* Frameworks */,
			);
			sourceTree = "<group>";
		};
		6270409E21A7328E003CAE0A /* Products */ = {
			isa = PBXGroup;
			children = (
				6270409D21A7328E003CAE0A /* mobileTMDB.app */,
			);
			name = Products;
			sourceTree = "<group>";
		};
		6270409F21A7328E003CAE0A /* mobileTMDB */ = {
			isa = PBXGroup;
			children = (
				627040C921A9DE6E003CAE0A /* FilmDetails */,
				627040C621A9B698003CAE0A /* Model */,
				627040C321A9A926003CAE0A /* Networking */,
				627040BA21A9A4F1003CAE0A /* FavFilms */,
				627040B921A9A4D0003CAE0A /* PopularFilms */,
				627040A021A7328E003CAE0A /* AppDelegate.swift */,
				627040A221A7328E003CAE0A /* ViewController.swift */,
				627040A421A7328E003CAE0A /* Main.storyboard */,
				627040A721A7329D003CAE0A /* Assets.xcassets */,
				627040A921A7329D003CAE0A /* LaunchScreen.storyboard */,
				627040AC21A7329D003CAE0A /* Info.plist */,
			);
			path = mobileTMDB;
			sourceTree = "<group>";
		};
		627040B921A9A4D0003CAE0A /* PopularFilms */ = {
			isa = PBXGroup;
			children = (
				627040BB21A9A52B003CAE0A /* PopularFilmsTable.swift */,
				627040BF21A9A61F003CAE0A /* PopularFilmCell.swift */,
			);
			path = PopularFilms;
			sourceTree = "<group>";
		};
		627040BA21A9A4F1003CAE0A /* FavFilms */ = {
			isa = PBXGroup;
			children = (
				627040BD21A9A59D003CAE0A /* FavFilmsTable.swift */,
				627040C121A9A655003CAE0A /* FavFilmCell.swift */,
			);
			path = FavFilms;
			sourceTree = "<group>";
		};
		627040C321A9A926003CAE0A /* Networking */ = {
			isa = PBXGroup;
			children = (
				627040C421A9A94D003CAE0A /* RequestService.swift */,
			);
			path = Networking;
			sourceTree = "<group>";
		};
		627040C621A9B698003CAE0A /* Model */ = {
			isa = PBXGroup;
			children = (
				627040C721A9B6D7003CAE0A /* Film.swift */,
			);
			path = Model;
			sourceTree = "<group>";
		};
		627040C921A9DE6E003CAE0A /* FilmDetails */ = {
			isa = PBXGroup;
			children = (
				627040CA21A9DEB1003CAE0A /* FilmDetailsVC.swift */,
			);
			path = FilmDetails;
			sourceTree = "<group>";
		};
		82A785E9D9F8073CB420D8C3 /* Frameworks */ = {
			isa = PBXGroup;
			children = (
				629DDF82052F1E9256E628AA /* Pods_mobileTMDB.framework */,
			);
			name = Frameworks;
			sourceTree = "<group>";
		};
		BA3B37B1EFAC9C4C28EE0580 /* Pods */ = {
			isa = PBXGroup;
			children = (
				EF62B547B6AFDDB472C95761 /* Pods-mobileTMDB.debug.xcconfig */,
				D960539DF521B6D50097C405 /* Pods-mobileTMDB.release.xcconfig */,
			);
			name = Pods;
			sourceTree = "<group>";
		};
/* End PBXGroup section */

/* Begin PBXNativeTarget section */
		6270409C21A7328E003CAE0A /* mobileTMDB */ = {
			isa = PBXNativeTarget;
			buildConfigurationList = 627040AF21A7329D003CAE0A /* Build configuration list for PBXNativeTarget "mobileTMDB" */;
			buildPhases = (
				E3F909FF8C4E0C4CD77FCE75 /* [CP] Check Pods Manifest.lock */,
				6270409921A7328E003CAE0A /* Sources */,
				6270409A21A7328E003CAE0A /* Frameworks */,
				6270409B21A7328E003CAE0A /* Resources */,
				FDD22BD2CFCD4E7E4853CFC1 /* [CP] Embed Pods Frameworks */,
			);
			buildRules = (
			);
			dependencies = (
			);
			name = mobileTMDB;
			productName = mobileTMDB;
			productReference = 6270409D21A7328E003CAE0A /* mobileTMDB.app */;
			productType = "com.apple.product-type.application";
		};
/* End PBXNativeTarget section */

/* Begin PBXProject section */
		6270409521A7328E003CAE0A /* Project object */ = {
			isa = PBXProject;
			attributes = {
				LastSwiftUpdateCheck = 1000;
				LastUpgradeCheck = 1000;
				ORGANIZATIONNAME = "Eldar Adelshin";
				TargetAttributes = {
					6270409C21A7328E003CAE0A = {
						CreatedOnToolsVersion = 10.0;
					};
				};
			};
			buildConfigurationList = 6270409821A7328E003CAE0A /* Build configuration list for PBXProject "mobileTMDB" */;
			compatibilityVersion = "Xcode 9.3";
			developmentRegion = en;
			hasScannedForEncodings = 0;
			knownRegions = (
				en,
				Base,
			);
			mainGroup = 6270409421A7328D003CAE0A;
			productRefGroup = 6270409E21A7328E003CAE0A /* Products */;
			projectDirPath = "";
			projectRoot = "";
			targets = (
				6270409C21A7328E003CAE0A /* mobileTMDB */,
			);
		};
/* End PBXProject section */

/* Begin PBXResourcesBuildPhase section */
		6270409B21A7328E003CAE0A /* Resources */ = {
			isa = PBXResourcesBuildPhase;
			buildActionMask = 2147483647;
			files = (
				627040AB21A7329D003CAE0A /* LaunchScreen.storyboard in Resources */,
				627040A821A7329D003CAE0A /* Assets.xcassets in Resources */,
				627040A621A7328E003CAE0A /* Main.storyboard in Resources */,
			);
			runOnlyForDeploymentPostprocessing = 0;
		};
/* End PBXResourcesBuildPhase section */

/* Begin PBXShellScriptBuildPhase section */
		E3F909FF8C4E0C4CD77FCE75 /* [CP] Check Pods Manifest.lock */ = {
			isa = PBXShellScriptBuildPhase;
			buildActionMask = 2147483647;
			files = (
			);
			inputPaths = (
				"${PODS_PODFILE_DIR_PATH}/Podfile.lock",
				"${PODS_ROOT}/Manifest.lock",
			);
			name = "[CP] Check Pods Manifest.lock";
			outputPaths = (
				"$(DERIVED_FILE_DIR)/Pods-mobileTMDB-checkManifestLockResult.txt",
			);
			runOnlyForDeploymentPostprocessing = 0;
			shellPath = /bin/sh;
			shellScript = "diff \"${PODS_PODFILE_DIR_PATH}/Podfile.lock\" \"${PODS_ROOT}/Manifest.lock\" > /dev/null\nif [ $? != 0 ] ; then\n    # print error to STDERR\n    echo \"error: The sandbox is not in sync with the Podfile.lock. Run 'pod install' or update your CocoaPods installation.\" >&2\n    exit 1\nfi\n# This output is used by Xcode 'outputs' to avoid re-running this script phase.\necho \"SUCCESS\" > \"${SCRIPT_OUTPUT_FILE_0}\"\n";
			showEnvVarsInLog = 0;
		};
		FDD22BD2CFCD4E7E4853CFC1 /* [CP] Embed Pods Frameworks */ = {
			isa = PBXShellScriptBuildPhase;
			buildActionMask = 2147483647;
			files = (
			);
			inputPaths = (
				"${SRCROOT}/Pods/Target Support Files/Pods-mobileTMDB/Pods-mobileTMDB-frameworks.sh",
				"${BUILT_PRODUCTS_DIR}/Realm/Realm.framework",
				"${BUILT_PRODUCTS_DIR}/RealmSwift/RealmSwift.framework",
			);
			name = "[CP] Embed Pods Frameworks";
			outputPaths = (
				"${TARGET_BUILD_DIR}/${FRAMEWORKS_FOLDER_PATH}/Realm.framework",
				"${TARGET_BUILD_DIR}/${FRAMEWORKS_FOLDER_PATH}/RealmSwift.framework",
			);
			runOnlyForDeploymentPostprocessing = 0;
			shellPath = /bin/sh;
			shellScript = "\"${SRCROOT}/Pods/Target Support Files/Pods-mobileTMDB/Pods-mobileTMDB-frameworks.sh\"\n";
			showEnvVarsInLog = 0;
		};
/* End PBXShellScriptBuildPhase section */

/* Begin PBXSourcesBuildPhase section */
		6270409921A7328E003CAE0A /* Sources */ = {
			isa = PBXSourcesBuildPhase;
			buildActionMask = 2147483647;
			files = (
				627040C521A9A94D003CAE0A /* RequestService.swift in Sources */,
				627040C021A9A61F003CAE0A /* PopularFilmCell.swift in Sources */,
				627040CB21A9DEB1003CAE0A /* FilmDetailsVC.swift in Sources */,
				627040BC21A9A52B003CAE0A /* PopularFilmsTable.swift in Sources */,
				627040A321A7328E003CAE0A /* ViewController.swift in Sources */,
				627040C221A9A655003CAE0A /* FavFilmCell.swift in Sources */,
				627040C821A9B6D7003CAE0A /* Film.swift in Sources */,
				627040BE21A9A59D003CAE0A /* FavFilmsTable.swift in Sources */,
				627040A121A7328E003CAE0A /* AppDelegate.swift in Sources */,
			);
			runOnlyForDeploymentPostprocessing = 0;
		};
/* End PBXSourcesBuildPhase section */

/* Begin PBXVariantGroup section */
		627040A421A7328E003CAE0A /* Main.storyboard */ = {
			isa = PBXVariantGroup;
			children = (
				627040A521A7328E003CAE0A /* Base */,
			);
			name = Main.storyboard;
			sourceTree = "<group>";
		};
		627040A921A7329D003CAE0A /* LaunchScreen.storyboard */ = {
			isa = PBXVariantGroup;
			children = (
				627040AA21A7329D003CAE0A /* Base */,
			);
			name = LaunchScreen.storyboard;
			sourceTree = "<group>";
		};
/* End PBXVariantGroup section */

/* Begin XCBuildConfiguration section */
		627040AD21A7329D003CAE0A /* Debug */ = {
			isa = XCBuildConfiguration;
			buildSettings = {
				ALWAYS_SEARCH_USER_PATHS = NO;
				CLANG_ANALYZER_NONNULL = YES;
				CLANG_ANALYZER_NUMBER_OBJECT_CONVERSION = YES_AGGRESSIVE;
				CLANG_CXX_LANGUAGE_STANDARD = "gnu++14";
				CLANG_CXX_LIBRARY = "libc++";
				CLANG_ENABLE_MODULES = YES;
				CLANG_ENABLE_OBJC_ARC = YES;
				CLANG_ENABLE_OBJC_WEAK = YES;
				CLANG_WARN_BLOCK_CAPTURE_AUTORELEASING = YES;
				CLANG_WARN_BOOL_CONVERSION = YES;
				CLANG_WARN_COMMA = YES;
				CLANG_WARN_CONSTANT_CONVERSION = YES;
				CLANG_WARN_DEPRECATED_OBJC_IMPLEMENTATIONS = YES;
				CLANG_WARN_DIRECT_OBJC_ISA_USAGE = YES_ERROR;
				CLANG_WARN_DOCUMENTATION_COMMENTS = YES;
				CLANG_WARN_EMPTY_BODY = YES;
				CLANG_WARN_ENUM_CONVERSION = YES;
				CLANG_WARN_INFINITE_RECURSION = YES;
				CLANG_WARN_INT_CONVERSION = YES;
				CLANG_WARN_NON_LITERAL_NULL_CONVERSION = YES;
				CLANG_WARN_OBJC_IMPLICIT_RETAIN_SELF = YES;
				CLANG_WARN_OBJC_LITERAL_CONVERSION = YES;
				CLANG_WARN_OBJC_ROOT_CLASS = YES_ERROR;
				CLANG_WARN_RANGE_LOOP_ANALYSIS = YES;
				CLANG_WARN_STRICT_PROTOTYPES = YES;
				CLANG_WARN_SUSPICIOUS_MOVE = YES;
				CLANG_WARN_UNGUARDED_AVAILABILITY = YES_AGGRESSIVE;
				CLANG_WARN_UNREACHABLE_CODE = YES;
				CLANG_WARN__DUPLICATE_METHOD_MATCH = YES;
				CODE_SIGN_IDENTITY = "iPhone Developer";
				COPY_PHASE_STRIP = NO;
				DEBUG_INFORMATION_FORMAT = dwarf;
				ENABLE_STRICT_OBJC_MSGSEND = YES;
				ENABLE_TESTABILITY = YES;
				GCC_C_LANGUAGE_STANDARD = gnu11;
				GCC_DYNAMIC_NO_PIC = NO;
				GCC_NO_COMMON_BLOCKS = YES;
				GCC_OPTIMIZATION_LEVEL = 0;
				GCC_PREPROCESSOR_DEFINITIONS = (
					"DEBUG=1",
					"$(inherited)",
				);
				GCC_WARN_64_TO_32_BIT_CONVERSION = YES;
				GCC_WARN_ABOUT_RETURN_TYPE = YES_ERROR;
				GCC_WARN_UNDECLARED_SELECTOR = YES;
				GCC_WARN_UNINITIALIZED_AUTOS = YES_AGGRESSIVE;
				GCC_WARN_UNUSED_FUNCTION = YES;
				GCC_WARN_UNUSED_VARIABLE = YES;
				IPHONEOS_DEPLOYMENT_TARGET = 12.0;
				MTL_ENABLE_DEBUG_INFO = INCLUDE_SOURCE;
				MTL_FAST_MATH = YES;
				ONLY_ACTIVE_ARCH = YES;
				SDKROOT = iphoneos;
				SWIFT_ACTIVE_COMPILATION_CONDITIONS = DEBUG;
				SWIFT_OPTIMIZATION_LEVEL = "-Onone";
			};
			name = Debug;
		};
		627040AE21A7329D003CAE0A /* Release */ = {
			isa = XCBuildConfiguration;
			buildSettings = {
				ALWAYS_SEARCH_USER_PATHS = NO;
				CLANG_ANALYZER_NONNULL = YES;
				CLANG_ANALYZER_NUMBER_OBJECT_CONVERSION = YES_AGGRESSIVE;
				CLANG_CXX_LANGUAGE_STANDARD = "gnu++14";
				CLANG_CXX_LIBRARY = "libc++";
				CLANG_ENABLE_MODULES = YES;
				CLANG_ENABLE_OBJC_ARC = YES;
				CLANG_ENABLE_OBJC_WEAK = YES;
				CLANG_WARN_BLOCK_CAPTURE_AUTORELEASING = YES;
				CLANG_WARN_BOOL_CONVERSION = YES;
				CLANG_WARN_COMMA = YES;
				CLANG_WARN_CONSTANT_CONVERSION = YES;
				CLANG_WARN_DEPRECATED_OBJC_IMPLEMENTATIONS = YES;
				CLANG_WARN_DIRECT_OBJC_ISA_USAGE = YES_ERROR;
				CLANG_WARN_DOCUMENTATION_COMMENTS = YES;
				CLANG_WARN_EMPTY_BODY = YES;
				CLANG_WARN_ENUM_CONVERSION = YES;
				CLANG_WARN_INFINITE_RECURSION = YES;
				CLANG_WARN_INT_CONVERSION = YES;
				CLANG_WARN_NON_LITERAL_NULL_CONVERSION = YES;
				CLANG_WARN_OBJC_IMPLICIT_RETAIN_SELF = YES;
				CLANG_WARN_OBJC_LITERAL_CONVERSION = YES;
				CLANG_WARN_OBJC_ROOT_CLASS = YES_ERROR;
				CLANG_WARN_RANGE_LOOP_ANALYSIS = YES;
				CLANG_WARN_STRICT_PROTOTYPES = YES;
				CLANG_WARN_SUSPICIOUS_MOVE = YES;
				CLANG_WARN_UNGUARDED_AVAILABILITY = YES_AGGRESSIVE;
				CLANG_WARN_UNREACHABLE_CODE = YES;
				CLANG_WARN__DUPLICATE_METHOD_MATCH = YES;
				CODE_SIGN_IDENTITY = "iPhone Developer";
				COPY_PHASE_STRIP = NO;
				DEBUG_INFORMATION_FORMAT = "dwarf-with-dsym";
				ENABLE_NS_ASSERTIONS = NO;
				ENABLE_STRICT_OBJC_MSGSEND = YES;
				GCC_C_LANGUAGE_STANDARD = gnu11;
				GCC_NO_COMMON_BLOCKS = YES;
				GCC_WARN_64_TO_32_BIT_CONVERSION = YES;
				GCC_WARN_ABOUT_RETURN_TYPE = YES_ERROR;
				GCC_WARN_UNDECLARED_SELECTOR = YES;
				GCC_WARN_UNINITIALIZED_AUTOS = YES_AGGRESSIVE;
				GCC_WARN_UNUSED_FUNCTION = YES;
				GCC_WARN_UNUSED_VARIABLE = YES;
				IPHONEOS_DEPLOYMENT_TARGET = 12.0;
				MTL_ENABLE_DEBUG_INFO = NO;
				MTL_FAST_MATH = YES;
				SDKROOT = iphoneos;
				SWIFT_COMPILATION_MODE = wholemodule;
				SWIFT_OPTIMIZATION_LEVEL = "-O";
				VALIDATE_PRODUCT = YES;
			};
			name = Release;
		};
		627040B021A7329D003CAE0A /* Debug */ = {
			isa = XCBuildConfiguration;
			baseConfigurationReference = EF62B547B6AFDDB472C95761 /* Pods-mobileTMDB.debug.xcconfig */;
			buildSettings = {
				ASSETCATALOG_COMPILER_APPICON_NAME = AppIcon;
				CODE_SIGN_STYLE = Automatic;
				INFOPLIST_FILE = mobileTMDB/Info.plist;
				LD_RUNPATH_SEARCH_PATHS = (
					"$(inherited)",
					"@executable_path/Frameworks",
				);
				PRODUCT_BUNDLE_IDENTIFIER = ru.adelshin.ios.mobileTMDB;
				PRODUCT_NAME = "$(TARGET_NAME)";
				SWIFT_VERSION = 4.2;
				TARGETED_DEVICE_FAMILY = "1,2";
			};
			name = Debug;
		};
		627040B121A7329D003CAE0A /* Release */ = {
			isa = XCBuildConfiguration;
			baseConfigurationReference = D960539DF521B6D50097C405 /* Pods-mobileTMDB.release.xcconfig */;
			buildSettings = {
				ASSETCATALOG_COMPILER_APPICON_NAME = AppIcon;
				CODE_SIGN_STYLE = Automatic;
				INFOPLIST_FILE = mobileTMDB/Info.plist;
				LD_RUNPATH_SEARCH_PATHS = (
					"$(inherited)",
					"@executable_path/Frameworks",
				);
				PRODUCT_BUNDLE_IDENTIFIER = ru.adelshin.ios.mobileTMDB;
				PRODUCT_NAME = "$(TARGET_NAME)";
				SWIFT_VERSION = 4.2;
				TARGETED_DEVICE_FAMILY = "1,2";
			};
			name = Release;
		};
/* End XCBuildConfiguration section */

/* Begin XCConfigurationList section */
		6270409821A7328E003CAE0A /* Build configuration list for PBXProject "mobileTMDB" */ = {
			isa = XCConfigurationList;
			buildConfigurations = (
				627040AD21A7329D003CAE0A /* Debug */,
				627040AE21A7329D003CAE0A /* Release */,
			);
			defaultConfigurationIsVisible = 0;
			defaultConfigurationName = Release;
		};
		627040AF21A7329D003CAE0A /* Build configuration list for PBXNativeTarget "mobileTMDB" */ = {
			isa = XCConfigurationList;
			buildConfigurations = (
				627040B021A7329D003CAE0A /* Debug */,
				627040B121A7329D003CAE0A /* Release */,
			);
			defaultConfigurationIsVisible = 0;
			defaultConfigurationName = Release;
		};
/* End XCConfigurationList section */
	};
	rootObject = 6270409521A7328E003CAE0A /* Project object */;
}
